
Microsoft Visual Studio Solution File, Format Version 12.00
# Visual Studio Version 16
VisualStudioVersion = 16.0.29728.190
MinimumVisualStudioVersion = 10.0.40219.1
Project("{FAE04EC0-301F-11D3-BF4B-00C04F79EFBC}") = "NumbersOfPi", "NumbersOfPi\NumbersOfPi.csproj", "{D39155C2-3790-4B27-B4FB-5F1CD87C5E03}"
EndProject
Project("{FAE04EC0-301F-11D3-BF4B-00C04F79EFBC}") = "PiClient", "PiClient\PiClient.csproj", "{B51B7A04-741A-4A4A-98DF-7B18DC03E5B7}"
EndProject
Global
	GlobalSection(SolutionConfigurationPlatforms) = preSolution
		Debug|Any CPU = Debug|Any CPU
		Release|Any CPU = Release|Any CPU
	EndGlobalSection
	GlobalSection(ProjectConfigurationPlatforms) = postSolution
		{D39155C2-3790-4B27-B4FB-5F1CD87C5E03}.Debug|Any CPU.ActiveCfg = Debug|Any CPU
		{D39155C2-3790-4B27-B4FB-5F1CD87C5E03}.Debug|Any CPU.Build.0 = Debug|Any CPU
		{D39155C2-3790-4B27-B4FB-5F1CD87C5E03}.Release|Any CPU.ActiveCfg = Release|Any CPU
		{D39155C2-3790-4B27-B4FB-5F1CD87C5E03}.Release|Any CPU.Build.0 = Release|Any CPU
		{B51B7A04-741A-4A4A-98DF-7B18DC03E5B7}.Debug|Any CPU.ActiveCfg = Debug|Any CPU
		{B51B7A04-741A-4A4A-98DF-7B18DC03E5B7}.Debug|Any CPU.Build.0 = Debug|Any CPU
		{B51B7A04-741A-4A4A-98DF-7B18DC03E5B7}.Release|Any CPU.ActiveCfg = Release|Any CPU
		{B51B7A04-741A-4A4A-98DF-7B18DC03E5B7}.Release|Any CPU.Build.0 = Release|Any CPU
	EndGlobalSection
	GlobalSection(SolutionProperties) = preSolution
		HideSolutionNode = FALSE
	EndGlobalSection
	GlobalSection(ExtensibilityGlobals) = postSolution
		SolutionGuid = {901B9477-42F8-4B17-ADF6-1E2FEF6AED80}
	EndGlobalSection
EndGlobal
